// !$*UTF8*$!
{
	archiveVersion = 1;
	classes = {
	};
	objectVersion = 56;
	objects = {

/* Begin PBXBuildFile section */
		BC0828032A81E01F00ED1897 /* ViewToImagePractice.swift in Sources */ = {isa = PBXBuildFile; fileRef = BC0828022A81E01F00ED1897 /* ViewToImagePractice.swift */; };
		BC2684402A9F308C00C584C2 /* RoundedTextFieldView.swift in Sources */ = {isa = PBXBuildFile; fileRef = BC26843F2A9F308C00C584C2 /* RoundedTextFieldView.swift */; };
		BC26844E2A9F448900C584C2 /* PopupView in Frameworks */ = {isa = PBXBuildFile; productRef = BC26844D2A9F448900C584C2 /* PopupView */; };
		BC2684552A9F450C00C584C2 /* BottomPicker.swift in Sources */ = {isa = PBXBuildFile; fileRef = BC2684542A9F450C00C584C2 /* BottomPicker.swift */; };
		BC2684572AA01E7C00C584C2 /* BottomPickerView_1.swift in Sources */ = {isa = PBXBuildFile; fileRef = BC2684562AA01E7C00C584C2 /* BottomPickerView_1.swift */; };
		BC2684592AA0203600C584C2 /* Protocols.swift in Sources */ = {isa = PBXBuildFile; fileRef = BC2684582AA0203600C584C2 /* Protocols.swift */; };
		BC26845D2AA034BC00C584C2 /* CornerRadius.swift in Sources */ = {isa = PBXBuildFile; fileRef = BC26845C2AA034BC00C584C2 /* CornerRadius.swift */; };
		BC2684722AA05EB800C584C2 /* NaivgationBar_1.swift in Sources */ = {isa = PBXBuildFile; fileRef = BC2684712AA05EB800C584C2 /* NaivgationBar_1.swift */; };
		BC2684752AA05F7400C584C2 /* GetSize.swift in Sources */ = {isa = PBXBuildFile; fileRef = BC2684742AA05F7400C584C2 /* GetSize.swift */; };
		BC26847D2AA0671E00C584C2 /* ReceiveKeyboardState.swift in Sources */ = {isa = PBXBuildFile; fileRef = BC26847C2AA0671E00C584C2 /* ReceiveKeyboardState.swift */; };
		BC2CA65D2A8F0EEA00166F59 /* LineChartBaseView.swift in Sources */ = {isa = PBXBuildFile; fileRef = BC2CA65C2A8F0EEA00166F59 /* LineChartBaseView.swift */; };
		BC2CA6602A8F138600166F59 /* InsideRangeLineChartView.swift in Sources */ = {isa = PBXBuildFile; fileRef = BC2CA65F2A8F138600166F59 /* InsideRangeLineChartView.swift */; };
		BC4061CF2ABD601000907928 /* MonthCalendarView.swift in Sources */ = {isa = PBXBuildFile; fileRef = BC4061CE2ABD601000907928 /* MonthCalendarView.swift */; };
		BC4061D22ABD60C000907928 /* MonthCalendarHeaderView.swift in Sources */ = {isa = PBXBuildFile; fileRef = BC4061D12ABD60C000907928 /* MonthCalendarHeaderView.swift */; };
		BC4061D42ABD60CA00907928 /* MonthCalendarDaysView.swift in Sources */ = {isa = PBXBuildFile; fileRef = BC4061D32ABD60CA00907928 /* MonthCalendarDaysView.swift */; };
		BC4061D62ABD60D400907928 /* MonthCalendarCellView.swift in Sources */ = {isa = PBXBuildFile; fileRef = BC4061D52ABD60D400907928 /* MonthCalendarCellView.swift */; };
		BC5025AD2AF38E4F004729F7 /* SelectableRangeFillChartView.swift in Sources */ = {isa = PBXBuildFile; fileRef = BC5025AC2AF38E4F004729F7 /* SelectableRangeFillChartView.swift */; };
		BC6167712A7CC30E0071D712 /* SliderView.swift in Sources */ = {isa = PBXBuildFile; fileRef = BC6167702A7CC30E0071D712 /* SliderView.swift */; };
		BC9901592AF91B45001E88AD /* CameraPickerView.swift in Sources */ = {isa = PBXBuildFile; fileRef = BC9901582AF91B45001E88AD /* CameraPickerView.swift */; };
		BC99015B2AF91B51001E88AD /* GalleryPickerView.swift in Sources */ = {isa = PBXBuildFile; fileRef = BC99015A2AF91B51001E88AD /* GalleryPickerView.swift */; };
		BC99015D2AF922A7001E88AD /* MiddleAlert.swift in Sources */ = {isa = PBXBuildFile; fileRef = BC99015C2AF922A7001E88AD /* MiddleAlert.swift */; };
		BC9901612AF92340001E88AD /* BottomNoticeFloater.swift in Sources */ = {isa = PBXBuildFile; fileRef = BC9901602AF92340001E88AD /* BottomNoticeFloater.swift */; };
		BC99F4A82A8DB5160076C0F3 /* LineChartView.swift in Sources */ = {isa = PBXBuildFile; fileRef = BC99F4A72A8DB5160076C0F3 /* LineChartView.swift */; };
		BCAA71CD2A848E4600A4A006 /* CalendarPerWeekView.swift in Sources */ = {isa = PBXBuildFile; fileRef = BCAA71CC2A848E4600A4A006 /* CalendarPerWeekView.swift */; };
		BCAA71CF2A848E5C00A4A006 /* CalendarPerWeekVM.swift in Sources */ = {isa = PBXBuildFile; fileRef = BCAA71CE2A848E5C00A4A006 /* CalendarPerWeekVM.swift */; };
		BCAF99162A80E25D00AF3469 /* DGCharts in Frameworks */ = {isa = PBXBuildFile; productRef = BCAF99152A80E25D00AF3469 /* DGCharts */; };
		BCB147692A80D45400857F16 /* SliderVM.swift in Sources */ = {isa = PBXBuildFile; fileRef = BCB147682A80D45400857F16 /* SliderVM.swift */; };
		BCCD15AD2A85A1FC00BF9A0B /* RangeFillChartView.swift in Sources */ = {isa = PBXBuildFile; fileRef = BCCD15AC2A85A1FC00BF9A0B /* RangeFillChartView.swift */; };
		BCE484722A8352570004A119 /* ActivityView.swift in Sources */ = {isa = PBXBuildFile; fileRef = BCE484712A8352570004A119 /* ActivityView.swift */; };
		BCE484772A8389910004A119 /* ViewToImageVM.swift in Sources */ = {isa = PBXBuildFile; fileRef = BCE484762A8389910004A119 /* ViewToImageVM.swift */; };
		BCEA183E2AA19F07001D6CBE /* Placeholder.swift in Sources */ = {isa = PBXBuildFile; fileRef = BCEA183D2AA19F07001D6CBE /* Placeholder.swift */; };
		BCEA18402AA1A06E001D6CBE /* RoundedTextFieldPickerView.swift in Sources */ = {isa = PBXBuildFile; fileRef = BCEA183F2AA1A06E001D6CBE /* RoundedTextFieldPickerView.swift */; };
		BCEA18422AA1A164001D6CBE /* Types.swift in Sources */ = {isa = PBXBuildFile; fileRef = BCEA18412AA1A164001D6CBE /* Types.swift */; };
		BCEA18442AA1A31D001D6CBE /* BottomDatePickerView_1.swift in Sources */ = {isa = PBXBuildFile; fileRef = BCEA18432AA1A31D001D6CBE /* BottomDatePickerView_1.swift */; };
		BCEA18462AA1A369001D6CBE /* Dummy.swift in Sources */ = {isa = PBXBuildFile; fileRef = BCEA18452AA1A369001D6CBE /* Dummy.swift */; };
		BCEA18482AA1A526001D6CBE /* PickerExampleView.swift in Sources */ = {isa = PBXBuildFile; fileRef = BCEA18472AA1A526001D6CBE /* PickerExampleView.swift */; };
		BCF9D1CB2A7BA147002DBFD6 /* UI_TEMPLETEApp.swift in Sources */ = {isa = PBXBuildFile; fileRef = BCF9D1CA2A7BA147002DBFD6 /* UI_TEMPLETEApp.swift */; };
		BCF9D1CD2A7BA147002DBFD6 /* ContentView.swift in Sources */ = {isa = PBXBuildFile; fileRef = BCF9D1CC2A7BA147002DBFD6 /* ContentView.swift */; };
		BCF9D1CF2A7BA148002DBFD6 /* Assets.xcassets in Resources */ = {isa = PBXBuildFile; fileRef = BCF9D1CE2A7BA148002DBFD6 /* Assets.xcassets */; };
		BCF9D1D32A7BA148002DBFD6 /* Preview Assets.xcassets in Resources */ = {isa = PBXBuildFile; fileRef = BCF9D1D22A7BA148002DBFD6 /* Preview Assets.xcassets */; };
		BCF9D1DD2A7BA148002DBFD6 /* UI_TEMPLETETests.swift in Sources */ = {isa = PBXBuildFile; fileRef = BCF9D1DC2A7BA148002DBFD6 /* UI_TEMPLETETests.swift */; };
		BCF9D1E72A7BA148002DBFD6 /* UI_TEMPLETEUITests.swift in Sources */ = {isa = PBXBuildFile; fileRef = BCF9D1E62A7BA148002DBFD6 /* UI_TEMPLETEUITests.swift */; };
		BCF9D1E92A7BA148002DBFD6 /* UI_TEMPLETEUITestsLaunchTests.swift in Sources */ = {isa = PBXBuildFile; fileRef = BCF9D1E82A7BA148002DBFD6 /* UI_TEMPLETEUITestsLaunchTests.swift */; };
		BCF9D1F72A7BA17C002DBFD6 /* SwiftUIPager in Frameworks */ = {isa = PBXBuildFile; productRef = BCF9D1F62A7BA17C002DBFD6 /* SwiftUIPager */; };
		BCF9D1FC2A7BA1C8002DBFD6 /* MonthCalendarVM.swift in Sources */ = {isa = PBXBuildFile; fileRef = BCF9D1FA2A7BA1C8002DBFD6 /* MonthCalendarVM.swift */; };
		BCF9D1FF2A7BA209002DBFD6 /* Extensions.swift in Sources */ = {isa = PBXBuildFile; fileRef = BCF9D1FE2A7BA209002DBFD6 /* Extensions.swift */; };
/* End PBXBuildFile section */

/* Begin PBXContainerItemProxy section */
		BCF9D1D92A7BA148002DBFD6 /* PBXContainerItemProxy */ = {
			isa = PBXContainerItemProxy;
			containerPortal = BCF9D1BF2A7BA147002DBFD6 /* Project object */;
			proxyType = 1;
			remoteGlobalIDString = BCF9D1C62A7BA147002DBFD6;
			remoteInfo = "UI-TEMPLETE";
		};
		BCF9D1E32A7BA148002DBFD6 /* PBXContainerItemProxy */ = {
			isa = PBXContainerItemProxy;
			containerPortal = BCF9D1BF2A7BA147002DBFD6 /* Project object */;
			proxyType = 1;
			remoteGlobalIDString = BCF9D1C62A7BA147002DBFD6;
			remoteInfo = "UI-TEMPLETE";
		};
/* End PBXContainerItemProxy section */

/* Begin PBXFileReference section */
		BC0828022A81E01F00ED1897 /* ViewToImagePractice.swift */ = {isa = PBXFileReference; lastKnownFileType = sourcecode.swift; path = ViewToImagePractice.swift; sourceTree = "<group>"; };
		BC26843F2A9F308C00C584C2 /* RoundedTextFieldView.swift */ = {isa = PBXFileReference; lastKnownFileType = sourcecode.swift; path = RoundedTextFieldView.swift; sourceTree = "<group>"; };
		BC2684542A9F450C00C584C2 /* BottomPicker.swift */ = {isa = PBXFileReference; lastKnownFileType = sourcecode.swift; path = BottomPicker.swift; sourceTree = "<group>"; };
		BC2684562AA01E7C00C584C2 /* BottomPickerView_1.swift */ = {isa = PBXFileReference; lastKnownFileType = sourcecode.swift; path = BottomPickerView_1.swift; sourceTree = "<group>"; };
		BC2684582AA0203600C584C2 /* Protocols.swift */ = {isa = PBXFileReference; lastKnownFileType = sourcecode.swift; path = Protocols.swift; sourceTree = "<group>"; };
		BC26845C2AA034BC00C584C2 /* CornerRadius.swift */ = {isa = PBXFileReference; lastKnownFileType = sourcecode.swift; path = CornerRadius.swift; sourceTree = "<group>"; };
		BC2684712AA05EB800C584C2 /* NaivgationBar_1.swift */ = {isa = PBXFileReference; lastKnownFileType = sourcecode.swift; path = NaivgationBar_1.swift; sourceTree = "<group>"; };
		BC2684742AA05F7400C584C2 /* GetSize.swift */ = {isa = PBXFileReference; lastKnownFileType = sourcecode.swift; path = GetSize.swift; sourceTree = "<group>"; };
		BC26847C2AA0671E00C584C2 /* ReceiveKeyboardState.swift */ = {isa = PBXFileReference; lastKnownFileType = sourcecode.swift; path = ReceiveKeyboardState.swift; sourceTree = "<group>"; };
		BC2CA65C2A8F0EEA00166F59 /* LineChartBaseView.swift */ = {isa = PBXFileReference; lastKnownFileType = sourcecode.swift; path = LineChartBaseView.swift; sourceTree = "<group>"; };
		BC2CA65F2A8F138600166F59 /* InsideRangeLineChartView.swift */ = {isa = PBXFileReference; lastKnownFileType = sourcecode.swift; path = InsideRangeLineChartView.swift; sourceTree = "<group>"; };
		BC4061CE2ABD601000907928 /* MonthCalendarView.swift */ = {isa = PBXFileReference; lastKnownFileType = sourcecode.swift; path = MonthCalendarView.swift; sourceTree = "<group>"; };
		BC4061D12ABD60C000907928 /* MonthCalendarHeaderView.swift */ = {isa = PBXFileReference; lastKnownFileType = sourcecode.swift; path = MonthCalendarHeaderView.swift; sourceTree = "<group>"; };
		BC4061D32ABD60CA00907928 /* MonthCalendarDaysView.swift */ = {isa = PBXFileReference; lastKnownFileType = sourcecode.swift; path = MonthCalendarDaysView.swift; sourceTree = "<group>"; };
		BC4061D52ABD60D400907928 /* MonthCalendarCellView.swift */ = {isa = PBXFileReference; lastKnownFileType = sourcecode.swift; path = MonthCalendarCellView.swift; sourceTree = "<group>"; };
		BC5025AC2AF38E4F004729F7 /* SelectableRangeFillChartView.swift */ = {isa = PBXFileReference; lastKnownFileType = sourcecode.swift; path = SelectableRangeFillChartView.swift; sourceTree = "<group>"; };
		BC6167702A7CC30E0071D712 /* SliderView.swift */ = {isa = PBXFileReference; lastKnownFileType = sourcecode.swift; path = SliderView.swift; sourceTree = "<group>"; };
		BC9901582AF91B45001E88AD /* CameraPickerView.swift */ = {isa = PBXFileReference; lastKnownFileType = sourcecode.swift; path = CameraPickerView.swift; sourceTree = "<group>"; };
		BC99015A2AF91B51001E88AD /* GalleryPickerView.swift */ = {isa = PBXFileReference; lastKnownFileType = sourcecode.swift; path = GalleryPickerView.swift; sourceTree = "<group>"; };
		BC99015C2AF922A7001E88AD /* MiddleAlert.swift */ = {isa = PBXFileReference; lastKnownFileType = sourcecode.swift; path = MiddleAlert.swift; sourceTree = "<group>"; };
		BC9901602AF92340001E88AD /* BottomNoticeFloater.swift */ = {isa = PBXFileReference; lastKnownFileType = sourcecode.swift; path = BottomNoticeFloater.swift; sourceTree = "<group>"; };
		BC99F4A72A8DB5160076C0F3 /* LineChartView.swift */ = {isa = PBXFileReference; lastKnownFileType = sourcecode.swift; path = LineChartView.swift; sourceTree = "<group>"; };
		BCAA71CC2A848E4600A4A006 /* CalendarPerWeekView.swift */ = {isa = PBXFileReference; lastKnownFileType = sourcecode.swift; path = CalendarPerWeekView.swift; sourceTree = "<group>"; };
		BCAA71CE2A848E5C00A4A006 /* CalendarPerWeekVM.swift */ = {isa = PBXFileReference; lastKnownFileType = sourcecode.swift; path = CalendarPerWeekVM.swift; sourceTree = "<group>"; };
		BCB147682A80D45400857F16 /* SliderVM.swift */ = {isa = PBXFileReference; lastKnownFileType = sourcecode.swift; path = SliderVM.swift; sourceTree = "<group>"; };
		BCCD15AC2A85A1FC00BF9A0B /* RangeFillChartView.swift */ = {isa = PBXFileReference; lastKnownFileType = sourcecode.swift; path = RangeFillChartView.swift; sourceTree = "<group>"; };
		BCE484712A8352570004A119 /* ActivityView.swift */ = {isa = PBXFileReference; lastKnownFileType = sourcecode.swift; path = ActivityView.swift; sourceTree = "<group>"; };
		BCE484762A8389910004A119 /* ViewToImageVM.swift */ = {isa = PBXFileReference; lastKnownFileType = sourcecode.swift; path = ViewToImageVM.swift; sourceTree = "<group>"; };
		BCEA183D2AA19F07001D6CBE /* Placeholder.swift */ = {isa = PBXFileReference; lastKnownFileType = sourcecode.swift; path = Placeholder.swift; sourceTree = "<group>"; };
		BCEA183F2AA1A06E001D6CBE /* RoundedTextFieldPickerView.swift */ = {isa = PBXFileReference; lastKnownFileType = sourcecode.swift; path = RoundedTextFieldPickerView.swift; sourceTree = "<group>"; };
		BCEA18412AA1A164001D6CBE /* Types.swift */ = {isa = PBXFileReference; lastKnownFileType = sourcecode.swift; path = Types.swift; sourceTree = "<group>"; };
		BCEA18432AA1A31D001D6CBE /* BottomDatePickerView_1.swift */ = {isa = PBXFileReference; lastKnownFileType = sourcecode.swift; path = BottomDatePickerView_1.swift; sourceTree = "<group>"; };
		BCEA18452AA1A369001D6CBE /* Dummy.swift */ = {isa = PBXFileReference; lastKnownFileType = sourcecode.swift; path = Dummy.swift; sourceTree = "<group>"; };
		BCEA18472AA1A526001D6CBE /* PickerExampleView.swift */ = {isa = PBXFileReference; lastKnownFileType = sourcecode.swift; path = PickerExampleView.swift; sourceTree = "<group>"; };
		BCF9D1C72A7BA147002DBFD6 /* UI-TEMPLETE.app */ = {isa = PBXFileReference; explicitFileType = wrapper.application; includeInIndex = 0; path = "UI-TEMPLETE.app"; sourceTree = BUILT_PRODUCTS_DIR; };
		BCF9D1CA2A7BA147002DBFD6 /* UI_TEMPLETEApp.swift */ = {isa = PBXFileReference; lastKnownFileType = sourcecode.swift; path = UI_TEMPLETEApp.swift; sourceTree = "<group>"; };
		BCF9D1CC2A7BA147002DBFD6 /* ContentView.swift */ = {isa = PBXFileReference; lastKnownFileType = sourcecode.swift; path = ContentView.swift; sourceTree = "<group>"; };
		BCF9D1CE2A7BA148002DBFD6 /* Assets.xcassets */ = {isa = PBXFileReference; lastKnownFileType = folder.assetcatalog; path = Assets.xcassets; sourceTree = "<group>"; };
		BCF9D1D02A7BA148002DBFD6 /* UI_TEMPLETE.entitlements */ = {isa = PBXFileReference; lastKnownFileType = text.plist.entitlements; path = UI_TEMPLETE.entitlements; sourceTree = "<group>"; };
		BCF9D1D22A7BA148002DBFD6 /* Preview Assets.xcassets */ = {isa = PBXFileReference; lastKnownFileType = folder.assetcatalog; path = "Preview Assets.xcassets"; sourceTree = "<group>"; };
		BCF9D1D82A7BA148002DBFD6 /* UI-TEMPLETETests.xctest */ = {isa = PBXFileReference; explicitFileType = wrapper.cfbundle; includeInIndex = 0; path = "UI-TEMPLETETests.xctest"; sourceTree = BUILT_PRODUCTS_DIR; };
		BCF9D1DC2A7BA148002DBFD6 /* UI_TEMPLETETests.swift */ = {isa = PBXFileReference; lastKnownFileType = sourcecode.swift; path = UI_TEMPLETETests.swift; sourceTree = "<group>"; };
		BCF9D1E22A7BA148002DBFD6 /* UI-TEMPLETEUITests.xctest */ = {isa = PBXFileReference; explicitFileType = wrapper.cfbundle; includeInIndex = 0; path = "UI-TEMPLETEUITests.xctest"; sourceTree = BUILT_PRODUCTS_DIR; };
		BCF9D1E62A7BA148002DBFD6 /* UI_TEMPLETEUITests.swift */ = {isa = PBXFileReference; lastKnownFileType = sourcecode.swift; path = UI_TEMPLETEUITests.swift; sourceTree = "<group>"; };
		BCF9D1E82A7BA148002DBFD6 /* UI_TEMPLETEUITestsLaunchTests.swift */ = {isa = PBXFileReference; lastKnownFileType = sourcecode.swift; path = UI_TEMPLETEUITestsLaunchTests.swift; sourceTree = "<group>"; };
		BCF9D1FA2A7BA1C8002DBFD6 /* MonthCalendarVM.swift */ = {isa = PBXFileReference; fileEncoding = 4; lastKnownFileType = sourcecode.swift; path = MonthCalendarVM.swift; sourceTree = "<group>"; };
		BCF9D1FE2A7BA209002DBFD6 /* Extensions.swift */ = {isa = PBXFileReference; lastKnownFileType = sourcecode.swift; path = Extensions.swift; sourceTree = "<group>"; };
/* End PBXFileReference section */

/* Begin PBXFrameworksBuildPhase section */
		BCF9D1C42A7BA147002DBFD6 /* Frameworks */ = {
			isa = PBXFrameworksBuildPhase;
			buildActionMask = 2147483647;
			files = (
				BC26844E2A9F448900C584C2 /* PopupView in Frameworks */,
				BCAF99162A80E25D00AF3469 /* DGCharts in Frameworks */,
				BCF9D1F72A7BA17C002DBFD6 /* SwiftUIPager in Frameworks */,
			);
			runOnlyForDeploymentPostprocessing = 0;
		};
		BCF9D1D52A7BA148002DBFD6 /* Frameworks */ = {
			isa = PBXFrameworksBuildPhase;
			buildActionMask = 2147483647;
			files = (
			);
			runOnlyForDeploymentPostprocessing = 0;
		};
		BCF9D1DF2A7BA148002DBFD6 /* Frameworks */ = {
			isa = PBXFrameworksBuildPhase;
			buildActionMask = 2147483647;
			files = (
			);
			runOnlyForDeploymentPostprocessing = 0;
		};
/* End PBXFrameworksBuildPhase section */

/* Begin PBXGroup section */
		BC0828012A81E00900ED1897 /* ViewToImage */ = {
			isa = PBXGroup;
			children = (
				BC0828022A81E01F00ED1897 /* ViewToImagePractice.swift */,
				BCE484762A8389910004A119 /* ViewToImageVM.swift */,
				BCE484712A8352570004A119 /* ActivityView.swift */,
			);
			path = ViewToImage;
			sourceTree = "<group>";
		};
		BC26843E2A9F296F00C584C2 /* TextField */ = {
			isa = PBXGroup;
			children = (
				BC26843F2A9F308C00C584C2 /* RoundedTextFieldView.swift */,
				BCEA183F2AA1A06E001D6CBE /* RoundedTextFieldPickerView.swift */,
			);
			path = TextField;
			sourceTree = "<group>";
		};
		BC26844F2A9F449200C584C2 /* Views */ = {
			isa = PBXGroup;
			children = (
				BC9901572AF91B31001E88AD /* ViewControllerRepresentable */,
				BC2684732AA05F6800C584C2 /* Modifier */,
				BC2684702AA05E9300C584C2 /* NavigationBar */,
				BC2684512A9F44D900C584C2 /* Popup */,
				BC26843E2A9F296F00C584C2 /* TextField */,
				BCAF99172A80E2E200AF3469 /* Chart */,
				BC61676F2A7CBF9A0071D712 /* Slider */,
				BCF9D1F82A7BA194002DBFD6 /* Calendar */,
			);
			path = Views;
			sourceTree = "<group>";
		};
		BC2684502A9F44B900C584C2 /* Features */ = {
			isa = PBXGroup;
			children = (
				BC0828012A81E00900ED1897 /* ViewToImage */,
			);
			path = Features;
			sourceTree = "<group>";
		};
		BC2684512A9F44D900C584C2 /* Popup */ = {
			isa = PBXGroup;
			children = (
				BC2684532A9F44F700C584C2 /* Modifier */,
				BC2684522A9F44E400C584C2 /* Contents */,
				BCEA18472AA1A526001D6CBE /* PickerExampleView.swift */,
			);
			path = Popup;
			sourceTree = "<group>";
		};
		BC2684522A9F44E400C584C2 /* Contents */ = {
			isa = PBXGroup;
			children = (
				BC2684562AA01E7C00C584C2 /* BottomPickerView_1.swift */,
				BCEA18432AA1A31D001D6CBE /* BottomDatePickerView_1.swift */,
			);
			path = Contents;
			sourceTree = "<group>";
		};
		BC2684532A9F44F700C584C2 /* Modifier */ = {
			isa = PBXGroup;
			children = (
				BC2684542A9F450C00C584C2 /* BottomPicker.swift */,
				BC99015C2AF922A7001E88AD /* MiddleAlert.swift */,
				BC9901602AF92340001E88AD /* BottomNoticeFloater.swift */,
			);
			path = Modifier;
			sourceTree = "<group>";
		};
		BC2684702AA05E9300C584C2 /* NavigationBar */ = {
			isa = PBXGroup;
			children = (
				BC2684712AA05EB800C584C2 /* NaivgationBar_1.swift */,
			);
			path = NavigationBar;
			sourceTree = "<group>";
		};
		BC2684732AA05F6800C584C2 /* Modifier */ = {
			isa = PBXGroup;
			children = (
				BC2684742AA05F7400C584C2 /* GetSize.swift */,
				BC26845C2AA034BC00C584C2 /* CornerRadius.swift */,
				BC26847C2AA0671E00C584C2 /* ReceiveKeyboardState.swift */,
				BCEA183D2AA19F07001D6CBE /* Placeholder.swift */,
			);
			path = Modifier;
			sourceTree = "<group>";
		};
		BC2CA65E2A8F0EED00166F59 /* Component */ = {
			isa = PBXGroup;
			children = (
				BC2CA65C2A8F0EEA00166F59 /* LineChartBaseView.swift */,
			);
			path = Component;
			sourceTree = "<group>";
		};
		BC4061D02ABD609D00907928 /* Component */ = {
			isa = PBXGroup;
			children = (
				BC4061D12ABD60C000907928 /* MonthCalendarHeaderView.swift */,
				BC4061D32ABD60CA00907928 /* MonthCalendarDaysView.swift */,
				BC4061D52ABD60D400907928 /* MonthCalendarCellView.swift */,
			);
			path = Component;
			sourceTree = "<group>";
		};
		BC61676F2A7CBF9A0071D712 /* Slider */ = {
			isa = PBXGroup;
			children = (
				BC6167702A7CC30E0071D712 /* SliderView.swift */,
				BCB147682A80D45400857F16 /* SliderVM.swift */,
			);
			path = Slider;
			sourceTree = "<group>";
		};
		BC9901572AF91B31001E88AD /* ViewControllerRepresentable */ = {
			isa = PBXGroup;
			children = (
				BC9901582AF91B45001E88AD /* CameraPickerView.swift */,
				BC99015A2AF91B51001E88AD /* GalleryPickerView.swift */,
			);
			path = ViewControllerRepresentable;
			sourceTree = "<group>";
		};
		BCAF99172A80E2E200AF3469 /* Chart */ = {
			isa = PBXGroup;
			children = (
				BC2CA65E2A8F0EED00166F59 /* Component */,
				BCCD15AC2A85A1FC00BF9A0B /* RangeFillChartView.swift */,
				BC5025AC2AF38E4F004729F7 /* SelectableRangeFillChartView.swift */,
				BC99F4A72A8DB5160076C0F3 /* LineChartView.swift */,
				BC2CA65F2A8F138600166F59 /* InsideRangeLineChartView.swift */,
			);
			path = Chart;
			sourceTree = "<group>";
		};
		BCF9D1BE2A7BA147002DBFD6 = {
			isa = PBXGroup;
			children = (
				BCF9D1C92A7BA147002DBFD6 /* UI-TEMPLETE */,
				BCF9D1DB2A7BA148002DBFD6 /* UI-TEMPLETETests */,
				BCF9D1E52A7BA148002DBFD6 /* UI-TEMPLETEUITests */,
				BCF9D1C82A7BA147002DBFD6 /* Products */,
			);
			sourceTree = "<group>";
		};
		BCF9D1C82A7BA147002DBFD6 /* Products */ = {
			isa = PBXGroup;
			children = (
				BCF9D1C72A7BA147002DBFD6 /* UI-TEMPLETE.app */,
				BCF9D1D82A7BA148002DBFD6 /* UI-TEMPLETETests.xctest */,
				BCF9D1E22A7BA148002DBFD6 /* UI-TEMPLETEUITests.xctest */,
			);
			name = Products;
			sourceTree = "<group>";
		};
		BCF9D1C92A7BA147002DBFD6 /* UI-TEMPLETE */ = {
			isa = PBXGroup;
			children = (
				BC2684502A9F44B900C584C2 /* Features */,
				BC26844F2A9F449200C584C2 /* Views */,
				BCF9D2002A7BA562002DBFD6 /* Util */,
				BCF9D1CA2A7BA147002DBFD6 /* UI_TEMPLETEApp.swift */,
				BCF9D1CC2A7BA147002DBFD6 /* ContentView.swift */,
				BCF9D1CE2A7BA148002DBFD6 /* Assets.xcassets */,
				BCF9D1D02A7BA148002DBFD6 /* UI_TEMPLETE.entitlements */,
				BCF9D1D12A7BA148002DBFD6 /* Preview Content */,
			);
			path = "UI-TEMPLETE";
			sourceTree = "<group>";
		};
		BCF9D1D12A7BA148002DBFD6 /* Preview Content */ = {
			isa = PBXGroup;
			children = (
				BCF9D1D22A7BA148002DBFD6 /* Preview Assets.xcassets */,
			);
			path = "Preview Content";
			sourceTree = "<group>";
		};
		BCF9D1DB2A7BA148002DBFD6 /* UI-TEMPLETETests */ = {
			isa = PBXGroup;
			children = (
				BCF9D1DC2A7BA148002DBFD6 /* UI_TEMPLETETests.swift */,
			);
			path = "UI-TEMPLETETests";
			sourceTree = "<group>";
		};
		BCF9D1E52A7BA148002DBFD6 /* UI-TEMPLETEUITests */ = {
			isa = PBXGroup;
			children = (
				BCF9D1E62A7BA148002DBFD6 /* UI_TEMPLETEUITests.swift */,
				BCF9D1E82A7BA148002DBFD6 /* UI_TEMPLETEUITestsLaunchTests.swift */,
			);
			path = "UI-TEMPLETEUITests";
			sourceTree = "<group>";
		};
		BCF9D1F82A7BA194002DBFD6 /* Calendar */ = {
			isa = PBXGroup;
			children = (
				BC4061D02ABD609D00907928 /* Component */,
				BC4061CE2ABD601000907928 /* MonthCalendarView.swift */,
				BCF9D1FA2A7BA1C8002DBFD6 /* MonthCalendarVM.swift */,
				BCAA71CC2A848E4600A4A006 /* CalendarPerWeekView.swift */,
				BCAA71CE2A848E5C00A4A006 /* CalendarPerWeekVM.swift */,
			);
			path = Calendar;
			sourceTree = "<group>";
		};
		BCF9D2002A7BA562002DBFD6 /* Util */ = {
			isa = PBXGroup;
			children = (
				BCF9D1FE2A7BA209002DBFD6 /* Extensions.swift */,
				BC2684582AA0203600C584C2 /* Protocols.swift */,
				BCEA18412AA1A164001D6CBE /* Types.swift */,
				BCEA18452AA1A369001D6CBE /* Dummy.swift */,
			);
			path = Util;
			sourceTree = "<group>";
		};
/* End PBXGroup section */

/* Begin PBXNativeTarget section */
		BCF9D1C62A7BA147002DBFD6 /* UI-TEMPLETE */ = {
			isa = PBXNativeTarget;
			buildConfigurationList = BCF9D1EC2A7BA148002DBFD6 /* Build configuration list for PBXNativeTarget "UI-TEMPLETE" */;
			buildPhases = (
				BCF9D1C32A7BA147002DBFD6 /* Sources */,
				BCF9D1C42A7BA147002DBFD6 /* Frameworks */,
				BCF9D1C52A7BA147002DBFD6 /* Resources */,
			);
			buildRules = (
			);
			dependencies = (
			);
			name = "UI-TEMPLETE";
			packageProductDependencies = (
				BCF9D1F62A7BA17C002DBFD6 /* SwiftUIPager */,
				BCAF99152A80E25D00AF3469 /* DGCharts */,
				BC26844D2A9F448900C584C2 /* PopupView */,
			);
			productName = "UI-TEMPLETE";
			productReference = BCF9D1C72A7BA147002DBFD6 /* UI-TEMPLETE.app */;
			productType = "com.apple.product-type.application";
		};
		BCF9D1D72A7BA148002DBFD6 /* UI-TEMPLETETests */ = {
			isa = PBXNativeTarget;
			buildConfigurationList = BCF9D1EF2A7BA148002DBFD6 /* Build configuration list for PBXNativeTarget "UI-TEMPLETETests" */;
			buildPhases = (
				BCF9D1D42A7BA148002DBFD6 /* Sources */,
				BCF9D1D52A7BA148002DBFD6 /* Frameworks */,
				BCF9D1D62A7BA148002DBFD6 /* Resources */,
			);
			buildRules = (
			);
			dependencies = (
				BCF9D1DA2A7BA148002DBFD6 /* PBXTargetDependency */,
			);
			name = "UI-TEMPLETETests";
			productName = "UI-TEMPLETETests";
			productReference = BCF9D1D82A7BA148002DBFD6 /* UI-TEMPLETETests.xctest */;
			productType = "com.apple.product-type.bundle.unit-test";
		};
		BCF9D1E12A7BA148002DBFD6 /* UI-TEMPLETEUITests */ = {
			isa = PBXNativeTarget;
			buildConfigurationList = BCF9D1F22A7BA148002DBFD6 /* Build configuration list for PBXNativeTarget "UI-TEMPLETEUITests" */;
			buildPhases = (
				BCF9D1DE2A7BA148002DBFD6 /* Sources */,
				BCF9D1DF2A7BA148002DBFD6 /* Frameworks */,
				BCF9D1E02A7BA148002DBFD6 /* Resources */,
			);
			buildRules = (
			);
			dependencies = (
				BCF9D1E42A7BA148002DBFD6 /* PBXTargetDependency */,
			);
			name = "UI-TEMPLETEUITests";
			productName = "UI-TEMPLETEUITests";
			productReference = BCF9D1E22A7BA148002DBFD6 /* UI-TEMPLETEUITests.xctest */;
			productType = "com.apple.product-type.bundle.ui-testing";
		};
/* End PBXNativeTarget section */

/* Begin PBXProject section */
		BCF9D1BF2A7BA147002DBFD6 /* Project object */ = {
			isa = PBXProject;
			attributes = {
				BuildIndependentTargetsInParallel = 1;
				LastSwiftUpdateCheck = 1430;
				LastUpgradeCheck = 1430;
				TargetAttributes = {
					BCF9D1C62A7BA147002DBFD6 = {
						CreatedOnToolsVersion = 14.3.1;
					};
					BCF9D1D72A7BA148002DBFD6 = {
						CreatedOnToolsVersion = 14.3.1;
						TestTargetID = BCF9D1C62A7BA147002DBFD6;
					};
					BCF9D1E12A7BA148002DBFD6 = {
						CreatedOnToolsVersion = 14.3.1;
						TestTargetID = BCF9D1C62A7BA147002DBFD6;
					};
				};
			};
			buildConfigurationList = BCF9D1C22A7BA147002DBFD6 /* Build configuration list for PBXProject "UI-TEMPLETE" */;
			compatibilityVersion = "Xcode 14.0";
			developmentRegion = en;
			hasScannedForEncodings = 0;
			knownRegions = (
				en,
				Base,
			);
			mainGroup = BCF9D1BE2A7BA147002DBFD6;
			packageReferences = (
				BCF9D1F52A7BA17C002DBFD6 /* XCRemoteSwiftPackageReference "SwiftUIPager" */,
				BCAF99142A80E25D00AF3469 /* XCRemoteSwiftPackageReference "Charts" */,
				BC26844C2A9F448900C584C2 /* XCRemoteSwiftPackageReference "PopupView" */,
			);
			productRefGroup = BCF9D1C82A7BA147002DBFD6 /* Products */;
			projectDirPath = "";
			projectRoot = "";
			targets = (
				BCF9D1C62A7BA147002DBFD6 /* UI-TEMPLETE */,
				BCF9D1D72A7BA148002DBFD6 /* UI-TEMPLETETests */,
				BCF9D1E12A7BA148002DBFD6 /* UI-TEMPLETEUITests */,
			);
		};
/* End PBXProject section */

/* Begin PBXResourcesBuildPhase section */
		BCF9D1C52A7BA147002DBFD6 /* Resources */ = {
			isa = PBXResourcesBuildPhase;
			buildActionMask = 2147483647;
			files = (
				BCF9D1D32A7BA148002DBFD6 /* Preview Assets.xcassets in Resources */,
				BCF9D1CF2A7BA148002DBFD6 /* Assets.xcassets in Resources */,
			);
			runOnlyForDeploymentPostprocessing = 0;
		};
		BCF9D1D62A7BA148002DBFD6 /* Resources */ = {
			isa = PBXResourcesBuildPhase;
			buildActionMask = 2147483647;
			files = (
			);
			runOnlyForDeploymentPostprocessing = 0;
		};
		BCF9D1E02A7BA148002DBFD6 /* Resources */ = {
			isa = PBXResourcesBuildPhase;
			buildActionMask = 2147483647;
			files = (
			);
			runOnlyForDeploymentPostprocessing = 0;
		};
/* End PBXResourcesBuildPhase section */

/* Begin PBXSourcesBuildPhase section */
		BCF9D1C32A7BA147002DBFD6 /* Sources */ = {
			isa = PBXSourcesBuildPhase;
			buildActionMask = 2147483647;
			files = (
				BC2CA65D2A8F0EEA00166F59 /* LineChartBaseView.swift in Sources */,
				BCE484722A8352570004A119 /* ActivityView.swift in Sources */,
				BCEA18402AA1A06E001D6CBE /* RoundedTextFieldPickerView.swift in Sources */,
				BCF9D1FF2A7BA209002DBFD6 /* Extensions.swift in Sources */,
				BC2684752AA05F7400C584C2 /* GetSize.swift in Sources */,
				BCE484772A8389910004A119 /* ViewToImageVM.swift in Sources */,
				BC2CA6602A8F138600166F59 /* InsideRangeLineChartView.swift in Sources */,
				BCEA18442AA1A31D001D6CBE /* BottomDatePickerView_1.swift in Sources */,
				BCEA18482AA1A526001D6CBE /* PickerExampleView.swift in Sources */,
				BCCD15AD2A85A1FC00BF9A0B /* RangeFillChartView.swift in Sources */,
				BC26845D2AA034BC00C584C2 /* CornerRadius.swift in Sources */,
				BC2684722AA05EB800C584C2 /* NaivgationBar_1.swift in Sources */,
				BC2684402A9F308C00C584C2 /* RoundedTextFieldView.swift in Sources */,
				BC26847D2AA0671E00C584C2 /* ReceiveKeyboardState.swift in Sources */,
				BC99015D2AF922A7001E88AD /* MiddleAlert.swift in Sources */,
				BCAA71CF2A848E5C00A4A006 /* CalendarPerWeekVM.swift in Sources */,
				BC2684592AA0203600C584C2 /* Protocols.swift in Sources */,
				BC4061D42ABD60CA00907928 /* MonthCalendarDaysView.swift in Sources */,
				BCF9D1CD2A7BA147002DBFD6 /* ContentView.swift in Sources */,
				BC4061CF2ABD601000907928 /* MonthCalendarView.swift in Sources */,
				BCF9D1CB2A7BA147002DBFD6 /* UI_TEMPLETEApp.swift in Sources */,
				BC9901592AF91B45001E88AD /* CameraPickerView.swift in Sources */,
				BC9901612AF92340001E88AD /* BottomNoticeFloater.swift in Sources */,
				BC5025AD2AF38E4F004729F7 /* SelectableRangeFillChartView.swift in Sources */,
				BCAA71CD2A848E4600A4A006 /* CalendarPerWeekView.swift in Sources */,
				BCEA18462AA1A369001D6CBE /* Dummy.swift in Sources */,
				BCF9D1FC2A7BA1C8002DBFD6 /* MonthCalendarVM.swift in Sources */,
				BC2684552A9F450C00C584C2 /* BottomPicker.swift in Sources */,
				BC99F4A82A8DB5160076C0F3 /* LineChartView.swift in Sources */,
				BC6167712A7CC30E0071D712 /* SliderView.swift in Sources */,
				BCEA183E2AA19F07001D6CBE /* Placeholder.swift in Sources */,
				BC0828032A81E01F00ED1897 /* ViewToImagePractice.swift in Sources */,
				BC4061D22ABD60C000907928 /* MonthCalendarHeaderView.swift in Sources */,
				BCEA18422AA1A164001D6CBE /* Types.swift in Sources */,
				BC4061D62ABD60D400907928 /* MonthCalendarCellView.swift in Sources */,
				BC2684572AA01E7C00C584C2 /* BottomPickerView_1.swift in Sources */,
				BCB147692A80D45400857F16 /* SliderVM.swift in Sources */,
				BC99015B2AF91B51001E88AD /* GalleryPickerView.swift in Sources */,
			);
			runOnlyForDeploymentPostprocessing = 0;
		};
		BCF9D1D42A7BA148002DBFD6 /* Sources */ = {
			isa = PBXSourcesBuildPhase;
			buildActionMask = 2147483647;
			files = (
				BCF9D1DD2A7BA148002DBFD6 /* UI_TEMPLETETests.swift in Sources */,
			);
			runOnlyForDeploymentPostprocessing = 0;
		};
		BCF9D1DE2A7BA148002DBFD6 /* Sources */ = {
			isa = PBXSourcesBuildPhase;
			buildActionMask = 2147483647;
			files = (
				BCF9D1E92A7BA148002DBFD6 /* UI_TEMPLETEUITestsLaunchTests.swift in Sources */,
				BCF9D1E72A7BA148002DBFD6 /* UI_TEMPLETEUITests.swift in Sources */,
			);
			runOnlyForDeploymentPostprocessing = 0;
		};
/* End PBXSourcesBuildPhase section */

/* Begin PBXTargetDependency section */
		BCF9D1DA2A7BA148002DBFD6 /* PBXTargetDependency */ = {
			isa = PBXTargetDependency;
			target = BCF9D1C62A7BA147002DBFD6 /* UI-TEMPLETE */;
			targetProxy = BCF9D1D92A7BA148002DBFD6 /* PBXContainerItemProxy */;
		};
		BCF9D1E42A7BA148002DBFD6 /* PBXTargetDependency */ = {
			isa = PBXTargetDependency;
			target = BCF9D1C62A7BA147002DBFD6 /* UI-TEMPLETE */;
			targetProxy = BCF9D1E32A7BA148002DBFD6 /* PBXContainerItemProxy */;
		};
/* End PBXTargetDependency section */

/* Begin XCBuildConfiguration section */
		BCF9D1EA2A7BA148002DBFD6 /* Debug */ = {
			isa = XCBuildConfiguration;
			buildSettings = {
				ALWAYS_SEARCH_USER_PATHS = NO;
				CLANG_ANALYZER_NONNULL = YES;
				CLANG_ANALYZER_NUMBER_OBJECT_CONVERSION = YES_AGGRESSIVE;
				CLANG_CXX_LANGUAGE_STANDARD = "gnu++20";
				CLANG_ENABLE_MODULES = YES;
				CLANG_ENABLE_OBJC_ARC = YES;
				CLANG_ENABLE_OBJC_WEAK = YES;
				CLANG_WARN_BLOCK_CAPTURE_AUTORELEASING = YES;
				CLANG_WARN_BOOL_CONVERSION = YES;
				CLANG_WARN_COMMA = YES;
				CLANG_WARN_CONSTANT_CONVERSION = YES;
				CLANG_WARN_DEPRECATED_OBJC_IMPLEMENTATIONS = YES;
				CLANG_WARN_DIRECT_OBJC_ISA_USAGE = YES_ERROR;
				CLANG_WARN_DOCUMENTATION_COMMENTS = YES;
				CLANG_WARN_EMPTY_BODY = YES;
				CLANG_WARN_ENUM_CONVERSION = YES;
				CLANG_WARN_INFINITE_RECURSION = YES;
				CLANG_WARN_INT_CONVERSION = YES;
				CLANG_WARN_NON_LITERAL_NULL_CONVERSION = YES;
				CLANG_WARN_OBJC_IMPLICIT_RETAIN_SELF = YES;
				CLANG_WARN_OBJC_LITERAL_CONVERSION = YES;
				CLANG_WARN_OBJC_ROOT_CLASS = YES_ERROR;
				CLANG_WARN_QUOTED_INCLUDE_IN_FRAMEWORK_HEADER = YES;
				CLANG_WARN_RANGE_LOOP_ANALYSIS = YES;
				CLANG_WARN_STRICT_PROTOTYPES = YES;
				CLANG_WARN_SUSPICIOUS_MOVE = YES;
				CLANG_WARN_UNGUARDED_AVAILABILITY = YES_AGGRESSIVE;
				CLANG_WARN_UNREACHABLE_CODE = YES;
				CLANG_WARN__DUPLICATE_METHOD_MATCH = YES;
				COPY_PHASE_STRIP = NO;
				DEBUG_INFORMATION_FORMAT = dwarf;
				ENABLE_STRICT_OBJC_MSGSEND = YES;
				ENABLE_TESTABILITY = YES;
				GCC_C_LANGUAGE_STANDARD = gnu11;
				GCC_DYNAMIC_NO_PIC = NO;
				GCC_NO_COMMON_BLOCKS = YES;
				GCC_OPTIMIZATION_LEVEL = 0;
				GCC_PREPROCESSOR_DEFINITIONS = (
					"DEBUG=1",
					"$(inherited)",
				);
				GCC_WARN_64_TO_32_BIT_CONVERSION = YES;
				GCC_WARN_ABOUT_RETURN_TYPE = YES_ERROR;
				GCC_WARN_UNDECLARED_SELECTOR = YES;
				GCC_WARN_UNINITIALIZED_AUTOS = YES_AGGRESSIVE;
				GCC_WARN_UNUSED_FUNCTION = YES;
				GCC_WARN_UNUSED_VARIABLE = YES;
				MTL_ENABLE_DEBUG_INFO = INCLUDE_SOURCE;
				MTL_FAST_MATH = YES;
				ONLY_ACTIVE_ARCH = YES;
				SWIFT_ACTIVE_COMPILATION_CONDITIONS = DEBUG;
				SWIFT_OPTIMIZATION_LEVEL = "-Onone";
			};
			name = Debug;
		};
		BCF9D1EB2A7BA148002DBFD6 /* Release */ = {
			isa = XCBuildConfiguration;
			buildSettings = {
				ALWAYS_SEARCH_USER_PATHS = NO;
				CLANG_ANALYZER_NONNULL = YES;
				CLANG_ANALYZER_NUMBER_OBJECT_CONVERSION = YES_AGGRESSIVE;
				CLANG_CXX_LANGUAGE_STANDARD = "gnu++20";
				CLANG_ENABLE_MODULES = YES;
				CLANG_ENABLE_OBJC_ARC = YES;
				CLANG_ENABLE_OBJC_WEAK = YES;
				CLANG_WARN_BLOCK_CAPTURE_AUTORELEASING = YES;
				CLANG_WARN_BOOL_CONVERSION = YES;
				CLANG_WARN_COMMA = YES;
				CLANG_WARN_CONSTANT_CONVERSION = YES;
				CLANG_WARN_DEPRECATED_OBJC_IMPLEMENTATIONS = YES;
				CLANG_WARN_DIRECT_OBJC_ISA_USAGE = YES_ERROR;
				CLANG_WARN_DOCUMENTATION_COMMENTS = YES;
				CLANG_WARN_EMPTY_BODY = YES;
				CLANG_WARN_ENUM_CONVERSION = YES;
				CLANG_WARN_INFINITE_RECURSION = YES;
				CLANG_WARN_INT_CONVERSION = YES;
				CLANG_WARN_NON_LITERAL_NULL_CONVERSION = YES;
				CLANG_WARN_OBJC_IMPLICIT_RETAIN_SELF = YES;
				CLANG_WARN_OBJC_LITERAL_CONVERSION = YES;
				CLANG_WARN_OBJC_ROOT_CLASS = YES_ERROR;
				CLANG_WARN_QUOTED_INCLUDE_IN_FRAMEWORK_HEADER = YES;
				CLANG_WARN_RANGE_LOOP_ANALYSIS = YES;
				CLANG_WARN_STRICT_PROTOTYPES = YES;
				CLANG_WARN_SUSPICIOUS_MOVE = YES;
				CLANG_WARN_UNGUARDED_AVAILABILITY = YES_AGGRESSIVE;
				CLANG_WARN_UNREACHABLE_CODE = YES;
				CLANG_WARN__DUPLICATE_METHOD_MATCH = YES;
				COPY_PHASE_STRIP = NO;
				DEBUG_INFORMATION_FORMAT = "dwarf-with-dsym";
				ENABLE_NS_ASSERTIONS = NO;
				ENABLE_STRICT_OBJC_MSGSEND = YES;
				GCC_C_LANGUAGE_STANDARD = gnu11;
				GCC_NO_COMMON_BLOCKS = YES;
				GCC_WARN_64_TO_32_BIT_CONVERSION = YES;
				GCC_WARN_ABOUT_RETURN_TYPE = YES_ERROR;
				GCC_WARN_UNDECLARED_SELECTOR = YES;
				GCC_WARN_UNINITIALIZED_AUTOS = YES_AGGRESSIVE;
				GCC_WARN_UNUSED_FUNCTION = YES;
				GCC_WARN_UNUSED_VARIABLE = YES;
				MTL_ENABLE_DEBUG_INFO = NO;
				MTL_FAST_MATH = YES;
				SWIFT_COMPILATION_MODE = wholemodule;
				SWIFT_OPTIMIZATION_LEVEL = "-O";
			};
			name = Release;
		};
		BCF9D1ED2A7BA148002DBFD6 /* Debug */ = {
			isa = XCBuildConfiguration;
			buildSettings = {
				ASSETCATALOG_COMPILER_APPICON_NAME = AppIcon;
				ASSETCATALOG_COMPILER_GLOBAL_ACCENT_COLOR_NAME = AccentColor;
				CODE_SIGN_ENTITLEMENTS = "UI-TEMPLETE/UI_TEMPLETE.entitlements";
				"CODE_SIGN_IDENTITY[sdk=macosx*]" = "-";
				CODE_SIGN_STYLE = Manual;
				CURRENT_PROJECT_VERSION = 1;
				DEVELOPMENT_ASSET_PATHS = "\"UI-TEMPLETE/Preview Content\"";
				DEVELOPMENT_TEAM = "";
				ENABLE_HARDENED_RUNTIME = YES;
				ENABLE_PREVIEWS = YES;
				GENERATE_INFOPLIST_FILE = YES;
				INFOPLIST_KEY_NSPhotoLibraryAddUsageDescription = "앨범에 접근합니다.";
				"INFOPLIST_KEY_UIApplicationSceneManifest_Generation[sdk=iphoneos*]" = YES;
				"INFOPLIST_KEY_UIApplicationSceneManifest_Generation[sdk=iphonesimulator*]" = YES;
				"INFOPLIST_KEY_UIApplicationSupportsIndirectInputEvents[sdk=iphoneos*]" = YES;
				"INFOPLIST_KEY_UIApplicationSupportsIndirectInputEvents[sdk=iphonesimulator*]" = YES;
				"INFOPLIST_KEY_UILaunchScreen_Generation[sdk=iphoneos*]" = YES;
				"INFOPLIST_KEY_UILaunchScreen_Generation[sdk=iphonesimulator*]" = YES;
				"INFOPLIST_KEY_UIStatusBarStyle[sdk=iphoneos*]" = UIStatusBarStyleDefault;
				"INFOPLIST_KEY_UIStatusBarStyle[sdk=iphonesimulator*]" = UIStatusBarStyleDefault;
				INFOPLIST_KEY_UISupportedInterfaceOrientations_iPad = "UIInterfaceOrientationPortrait UIInterfaceOrientationPortraitUpsideDown UIInterfaceOrientationLandscapeLeft UIInterfaceOrientationLandscapeRight";
				INFOPLIST_KEY_UISupportedInterfaceOrientations_iPhone = "UIInterfaceOrientationPortrait UIInterfaceOrientationLandscapeLeft UIInterfaceOrientationLandscapeRight";
				IPHONEOS_DEPLOYMENT_TARGET = 16.4;
				LD_RUNPATH_SEARCH_PATHS = "@executable_path/Frameworks";
				"LD_RUNPATH_SEARCH_PATHS[sdk=macosx*]" = "@executable_path/../Frameworks";
				MACOSX_DEPLOYMENT_TARGET = 13.3;
				MARKETING_VERSION = 1.0;
				PRODUCT_BUNDLE_IDENTIFIER = "practice.UI-TEMPLETE";
				PRODUCT_NAME = "$(TARGET_NAME)";
				PROVISIONING_PROFILE_SPECIFIER = "";
				SDKROOT = auto;
				SUPPORTED_PLATFORMS = "iphoneos iphonesimulator macosx";
				SWIFT_EMIT_LOC_STRINGS = YES;
				SWIFT_VERSION = 5.0;
				TARGETED_DEVICE_FAMILY = "1,2";
			};
			name = Debug;
		};
		BCF9D1EE2A7BA148002DBFD6 /* Release */ = {
			isa = XCBuildConfiguration;
			buildSettings = {
				ASSETCATALOG_COMPILER_APPICON_NAME = AppIcon;
				ASSETCATALOG_COMPILER_GLOBAL_ACCENT_COLOR_NAME = AccentColor;
				CODE_SIGN_ENTITLEMENTS = "UI-TEMPLETE/UI_TEMPLETE.entitlements";
				"CODE_SIGN_IDENTITY[sdk=macosx*]" = "-";
				CODE_SIGN_STYLE = Manual;
				CURRENT_PROJECT_VERSION = 1;
				DEVELOPMENT_ASSET_PATHS = "\"UI-TEMPLETE/Preview Content\"";
				DEVELOPMENT_TEAM = "";
				ENABLE_HARDENED_RUNTIME = YES;
				ENABLE_PREVIEWS = YES;
				GENERATE_INFOPLIST_FILE = YES;
				INFOPLIST_KEY_NSPhotoLibraryAddUsageDescription = "앨범에 접근합니다.";
				"INFOPLIST_KEY_UIApplicationSceneManifest_Generation[sdk=iphoneos*]" = YES;
				"INFOPLIST_KEY_UIApplicationSceneManifest_Generation[sdk=iphonesimulator*]" = YES;
				"INFOPLIST_KEY_UIApplicationSupportsIndirectInputEvents[sdk=iphoneos*]" = YES;
				"INFOPLIST_KEY_UIApplicationSupportsIndirectInputEvents[sdk=iphonesimulator*]" = YES;
				"INFOPLIST_KEY_UILaunchScreen_Generation[sdk=iphoneos*]" = YES;
				"INFOPLIST_KEY_UILaunchScreen_Generation[sdk=iphonesimulator*]" = YES;
				"INFOPLIST_KEY_UIStatusBarStyle[sdk=iphoneos*]" = UIStatusBarStyleDefault;
				"INFOPLIST_KEY_UIStatusBarStyle[sdk=iphonesimulator*]" = UIStatusBarStyleDefault;
				INFOPLIST_KEY_UISupportedInterfaceOrientations_iPad = "UIInterfaceOrientationPortrait UIInterfaceOrientationPortraitUpsideDown UIInterfaceOrientationLandscapeLeft UIInterfaceOrientationLandscapeRight";
				INFOPLIST_KEY_UISupportedInterfaceOrientations_iPhone = "UIInterfaceOrientationPortrait UIInterfaceOrientationLandscapeLeft UIInterfaceOrientationLandscapeRight";
				IPHONEOS_DEPLOYMENT_TARGET = 16.4;
				LD_RUNPATH_SEARCH_PATHS = "@executable_path/Frameworks";
				"LD_RUNPATH_SEARCH_PATHS[sdk=macosx*]" = "@executable_path/../Frameworks";
				MACOSX_DEPLOYMENT_TARGET = 13.3;
				MARKETING_VERSION = 1.0;
				PRODUCT_BUNDLE_IDENTIFIER = "practice.UI-TEMPLETE";
				PRODUCT_NAME = "$(TARGET_NAME)";
				PROVISIONING_PROFILE_SPECIFIER = "";
				SDKROOT = auto;
				SUPPORTED_PLATFORMS = "iphoneos iphonesimulator macosx";
				SWIFT_EMIT_LOC_STRINGS = YES;
				SWIFT_VERSION = 5.0;
				TARGETED_DEVICE_FAMILY = "1,2";
			};
			name = Release;
		};
		BCF9D1F02A7BA148002DBFD6 /* Debug */ = {
			isa = XCBuildConfiguration;
			buildSettings = {
				ALWAYS_EMBED_SWIFT_STANDARD_LIBRARIES = YES;
				BUNDLE_LOADER = "$(TEST_HOST)";
				CODE_SIGN_STYLE = Automatic;
				CURRENT_PROJECT_VERSION = 1;
				DEVELOPMENT_TEAM = 475T36V685;
				GENERATE_INFOPLIST_FILE = YES;
				IPHONEOS_DEPLOYMENT_TARGET = 16.4;
				MACOSX_DEPLOYMENT_TARGET = 13.3;
				MARKETING_VERSION = 1.0;
				PRODUCT_BUNDLE_IDENTIFIER = "practice.UI-TEMPLETETests";
				PRODUCT_NAME = "$(TARGET_NAME)";
				SDKROOT = auto;
				SUPPORTED_PLATFORMS = "iphoneos iphonesimulator macosx";
				SWIFT_EMIT_LOC_STRINGS = NO;
				SWIFT_VERSION = 5.0;
				TARGETED_DEVICE_FAMILY = "1,2";
				TEST_HOST = "$(BUILT_PRODUCTS_DIR)/UI-TEMPLETE.app/$(BUNDLE_EXECUTABLE_FOLDER_PATH)/UI-TEMPLETE";
			};
			name = Debug;
		};
		BCF9D1F12A7BA148002DBFD6 /* Release */ = {
			isa = XCBuildConfiguration;
			buildSettings = {
				ALWAYS_EMBED_SWIFT_STANDARD_LIBRARIES = YES;
				BUNDLE_LOADER = "$(TEST_HOST)";
				CODE_SIGN_STYLE = Automatic;
				CURRENT_PROJECT_VERSION = 1;
				DEVELOPMENT_TEAM = 475T36V685;
				GENERATE_INFOPLIST_FILE = YES;
				IPHONEOS_DEPLOYMENT_TARGET = 16.4;
				MACOSX_DEPLOYMENT_TARGET = 13.3;
				MARKETING_VERSION = 1.0;
				PRODUCT_BUNDLE_IDENTIFIER = "practice.UI-TEMPLETETests";
				PRODUCT_NAME = "$(TARGET_NAME)";
				SDKROOT = auto;
				SUPPORTED_PLATFORMS = "iphoneos iphonesimulator macosx";
				SWIFT_EMIT_LOC_STRINGS = NO;
				SWIFT_VERSION = 5.0;
				TARGETED_DEVICE_FAMILY = "1,2";
				TEST_HOST = "$(BUILT_PRODUCTS_DIR)/UI-TEMPLETE.app/$(BUNDLE_EXECUTABLE_FOLDER_PATH)/UI-TEMPLETE";
			};
			name = Release;
		};
		BCF9D1F32A7BA148002DBFD6 /* Debug */ = {
			isa = XCBuildConfiguration;
			buildSettings = {
				ALWAYS_EMBED_SWIFT_STANDARD_LIBRARIES = YES;
				CODE_SIGN_STYLE = Automatic;
				CURRENT_PROJECT_VERSION = 1;
				DEVELOPMENT_TEAM = 475T36V685;
				GENERATE_INFOPLIST_FILE = YES;
				IPHONEOS_DEPLOYMENT_TARGET = 16.4;
				MACOSX_DEPLOYMENT_TARGET = 13.3;
				MARKETING_VERSION = 1.0;
				PRODUCT_BUNDLE_IDENTIFIER = "practice.UI-TEMPLETEUITests";
				PRODUCT_NAME = "$(TARGET_NAME)";
				SDKROOT = auto;
				SUPPORTED_PLATFORMS = "iphoneos iphonesimulator macosx";
				SWIFT_EMIT_LOC_STRINGS = NO;
				SWIFT_VERSION = 5.0;
				TARGETED_DEVICE_FAMILY = "1,2";
				TEST_TARGET_NAME = "UI-TEMPLETE";
			};
			name = Debug;
		};
		BCF9D1F42A7BA148002DBFD6 /* Release */ = {
			isa = XCBuildConfiguration;
			buildSettings = {
				ALWAYS_EMBED_SWIFT_STANDARD_LIBRARIES = YES;
				CODE_SIGN_STYLE = Automatic;
				CURRENT_PROJECT_VERSION = 1;
				DEVELOPMENT_TEAM = 475T36V685;
				GENERATE_INFOPLIST_FILE = YES;
				IPHONEOS_DEPLOYMENT_TARGET = 16.4;
				MACOSX_DEPLOYMENT_TARGET = 13.3;
				MARKETING_VERSION = 1.0;
				PRODUCT_BUNDLE_IDENTIFIER = "practice.UI-TEMPLETEUITests";
				PRODUCT_NAME = "$(TARGET_NAME)";
				SDKROOT = auto;
				SUPPORTED_PLATFORMS = "iphoneos iphonesimulator macosx";
				SWIFT_EMIT_LOC_STRINGS = NO;
				SWIFT_VERSION = 5.0;
				TARGETED_DEVICE_FAMILY = "1,2";
				TEST_TARGET_NAME = "UI-TEMPLETE";
			};
			name = Release;
		};
/* End XCBuildConfiguration section */

/* Begin XCConfigurationList section */
		BCF9D1C22A7BA147002DBFD6 /* Build configuration list for PBXProject "UI-TEMPLETE" */ = {
			isa = XCConfigurationList;
			buildConfigurations = (
				BCF9D1EA2A7BA148002DBFD6 /* Debug */,
				BCF9D1EB2A7BA148002DBFD6 /* Release */,
			);
			defaultConfigurationIsVisible = 0;
			defaultConfigurationName = Release;
		};
		BCF9D1EC2A7BA148002DBFD6 /* Build configuration list for PBXNativeTarget "UI-TEMPLETE" */ = {
			isa = XCConfigurationList;
			buildConfigurations = (
				BCF9D1ED2A7BA148002DBFD6 /* Debug */,
				BCF9D1EE2A7BA148002DBFD6 /* Release */,
			);
			defaultConfigurationIsVisible = 0;
			defaultConfigurationName = Release;
		};
		BCF9D1EF2A7BA148002DBFD6 /* Build configuration list for PBXNativeTarget "UI-TEMPLETETests" */ = {
			isa = XCConfigurationList;
			buildConfigurations = (
				BCF9D1F02A7BA148002DBFD6 /* Debug */,
				BCF9D1F12A7BA148002DBFD6 /* Release */,
			);
			defaultConfigurationIsVisible = 0;
			defaultConfigurationName = Release;
		};
		BCF9D1F22A7BA148002DBFD6 /* Build configuration list for PBXNativeTarget "UI-TEMPLETEUITests" */ = {
			isa = XCConfigurationList;
			buildConfigurations = (
				BCF9D1F32A7BA148002DBFD6 /* Debug */,
				BCF9D1F42A7BA148002DBFD6 /* Release */,
			);
			defaultConfigurationIsVisible = 0;
			defaultConfigurationName = Release;
		};
/* End XCConfigurationList section */

/* Begin XCRemoteSwiftPackageReference section */
		BC26844C2A9F448900C584C2 /* XCRemoteSwiftPackageReference "PopupView" */ = {
			isa = XCRemoteSwiftPackageReference;
			repositoryURL = "https://github.com/exyte/PopupView.git";
			requirement = {
				kind = upToNextMajorVersion;
				minimumVersion = 2.0.0;
			};
		};
		BCAF99142A80E25D00AF3469 /* XCRemoteSwiftPackageReference "Charts" */ = {
			isa = XCRemoteSwiftPackageReference;
			repositoryURL = "https://github.com/danielgindi/Charts.git";
			requirement = {
				kind = upToNextMajorVersion;
				minimumVersion = 5.0.0;
			};
		};
		BCF9D1F52A7BA17C002DBFD6 /* XCRemoteSwiftPackageReference "SwiftUIPager" */ = {
			isa = XCRemoteSwiftPackageReference;
			repositoryURL = "https://github.com/fermoya/SwiftUIPager";
			requirement = {
				kind = upToNextMajorVersion;
				minimumVersion = 2.0.0;
			};
		};
/* End XCRemoteSwiftPackageReference section */

/* Begin XCSwiftPackageProductDependency section */
		BC26844D2A9F448900C584C2 /* PopupView */ = {
			isa = XCSwiftPackageProductDependency;
			package = BC26844C2A9F448900C584C2 /* XCRemoteSwiftPackageReference "PopupView" */;
			productName = PopupView;
		};
		BCAF99152A80E25D00AF3469 /* DGCharts */ = {
			isa = XCSwiftPackageProductDependency;
			package = BCAF99142A80E25D00AF3469 /* XCRemoteSwiftPackageReference "Charts" */;
			productName = DGCharts;
		};
		BCF9D1F62A7BA17C002DBFD6 /* SwiftUIPager */ = {
			isa = XCSwiftPackageProductDependency;
			package = BCF9D1F52A7BA17C002DBFD6 /* XCRemoteSwiftPackageReference "SwiftUIPager" */;
			productName = SwiftUIPager;
		};
/* End XCSwiftPackageProductDependency section */
	};
	rootObject = BCF9D1BF2A7BA147002DBFD6 /* Project object */;
}
